
Microsoft Visual Studio Solution File, Format Version 11.00
# Visual Studio 2010
Project("{8BC9CEB8-8B4A-11D0-8D11-00A0C91BC942}") = "DlgSample", "DlgSample\DlgSample.vcxproj", "{A5F07C72-FB67-4744-B31E-A1708BD60C3B}"
EndProject
Project("{8BC9CEB8-8B4A-11D0-8D11-00A0C91BC942}") = "DrawLine", "DrawLine\DrawLine.vcxproj", "{2F3BD866-2B2E-463C-8EDB-B7E0194AA70D}"
EndProject
Project("{8BC9CEB8-8B4A-11D0-8D11-00A0C91BC942}") = "HelloWorld", "HelloWorld\HelloWorld.vcxproj", "{6CFA1F2C-5B25-43F3-AA5C-0217FBC99AF8}"
EndProject
Project("{2150E333-8FDC-42A3-9474-1A3956D46DE8}") = "Sign", "Sign", "{4C288405-DB87-4130-9B61-4EBB6B06A3D9}"
EndProject
Project("{8BC9CEB8-8B4A-11D0-8D11-00A0C91BC942}") = "SignDb", "Sign\SignDb\SignDb.vcxproj", "{D27B6F65-78A9-43A2-B112-7336A11044FD}"
EndProject
Project("{8BC9CEB8-8B4A-11D0-8D11-00A0C91BC942}") = "SignUi", "Sign\SignUi\SignUi.vcxproj", "{0F023332-A936-4DD7-A720-DF9DE103CF7F}"
EndProject
Project("{8BC9CEB8-8B4A-11D0-8D11-00A0C91BC942}") = "SignDbCom", "Sign\SignDbCom\SignDbCom.vcxproj", "{0F7E23C0-D505-44AD-9C7B-2BA31B2B1A4C}"
EndProject
Project("{8BC9CEB8-8B4A-11D0-8D11-00A0C91BC942}") = "EntityReactor", "EntityReactor\EntityReactor.vcxproj", "{812B33E4-7661-4566-B7D3-9FFB9E93F02B}"
EndProject
Project("{8BC9CEB8-8B4A-11D0-8D11-00A0C91BC942}") = "PersistentReactor", "PersistentReactor\PersistentReactor.vcxproj", "{1D72B7B0-F3DD-435B-B27E-592AC567C5ED}"
EndProject
Project("{2150E333-8FDC-42A3-9474-1A3956D46DE8}") = "Reactors", "Reactors", "{C0AA8D63-8FCF-4FAA-9886-F1FABC44934D}"
EndProject
Project("{2150E333-8FDC-42A3-9474-1A3956D46DE8}") = "Database", "Database", "{935C1A1D-81BA-4DBE-B145-D4E0D16E4D0C}"
EndProject
Project("{8BC9CEB8-8B4A-11D0-8D11-00A0C91BC942}") = "DatabaseOp", "DatabaseOp\DatabaseOp.vcxproj", "{4BEA64C8-52A2-4D18-887E-7C27B8800C09}"
EndProject
Project("{8BC9CEB8-8B4A-11D0-8D11-00A0C91BC942}") = "XData", "XData\XData.vcxproj", "{0630A426-8133-421B-B128-DB6B3873B7CF}"
EndProject
Project("{8BC9CEB8-8B4A-11D0-8D11-00A0C91BC942}") = "LayerSample", "LayerSample\LayerSample.vcxproj", "{2CD8AC5D-1AEA-4F48-BB0E-A361D5D27950}"
EndProject
Global
	GlobalSection(SolutionConfigurationPlatforms) = preSolution
		Debug|Win32 = Debug|Win32
		Debug|x64 = Debug|x64
		Release|Win32 = Release|Win32
		Release|x64 = Release|x64
	EndGlobalSection
	GlobalSection(ProjectConfigurationPlatforms) = postSolution
		{A5F07C72-FB67-4744-B31E-A1708BD60C3B}.Debug|Win32.ActiveCfg = Debug|Win32
		{A5F07C72-FB67-4744-B31E-A1708BD60C3B}.Debug|Win32.Build.0 = Debug|Win32
		{A5F07C72-FB67-4744-B31E-A1708BD60C3B}.Debug|x64.ActiveCfg = Debug|x64
		{A5F07C72-FB67-4744-B31E-A1708BD60C3B}.Debug|x64.Build.0 = Debug|x64
		{A5F07C72-FB67-4744-B31E-A1708BD60C3B}.Release|Win32.ActiveCfg = Release|Win32
		{A5F07C72-FB67-4744-B31E-A1708BD60C3B}.Release|Win32.Build.0 = Release|Win32
		{A5F07C72-FB67-4744-B31E-A1708BD60C3B}.Release|x64.ActiveCfg = Release|x64
		{A5F07C72-FB67-4744-B31E-A1708BD60C3B}.Release|x64.Build.0 = Release|x64
		{2F3BD866-2B2E-463C-8EDB-B7E0194AA70D}.Debug|Win32.ActiveCfg = Debug|Win32
		{2F3BD866-2B2E-463C-8EDB-B7E0194AA70D}.Debug|Win32.Build.0 = Debug|Win32
		{2F3BD866-2B2E-463C-8EDB-B7E0194AA70D}.Debug|x64.ActiveCfg = Debug|x64
		{2F3BD866-2B2E-463C-8EDB-B7E0194AA70D}.Debug|x64.Build.0 = Debug|x64
		{2F3BD866-2B2E-463C-8EDB-B7E0194AA70D}.Release|Win32.ActiveCfg = Release|Win32
		{2F3BD866-2B2E-463C-8EDB-B7E0194AA70D}.Release|Win32.Build.0 = Release|Win32
		{2F3BD866-2B2E-463C-8EDB-B7E0194AA70D}.Release|x64.ActiveCfg = Release|x64
		{2F3BD866-2B2E-463C-8EDB-B7E0194AA70D}.Release|x64.Build.0 = Release|x64
		{6CFA1F2C-5B25-43F3-AA5C-0217FBC99AF8}.Debug|Win32.ActiveCfg = Debug|Win32
		{6CFA1F2C-5B25-43F3-AA5C-0217FBC99AF8}.Debug|Win32.Build.0 = Debug|Win32
		{6CFA1F2C-5B25-43F3-AA5C-0217FBC99AF8}.Debug|x64.ActiveCfg = Debug|x64
		{6CFA1F2C-5B25-43F3-AA5C-0217FBC99AF8}.Debug|x64.Build.0 = Debug|x64
		{6CFA1F2C-5B25-43F3-AA5C-0217FBC99AF8}.Release|Win32.ActiveCfg = Release|Win32
		{6CFA1F2C-5B25-43F3-AA5C-0217FBC99AF8}.Release|Win32.Build.0 = Release|Win32
		{6CFA1F2C-5B25-43F3-AA5C-0217FBC99AF8}.Release|x64.ActiveCfg = Release|x64
		{6CFA1F2C-5B25-43F3-AA5C-0217FBC99AF8}.Release|x64.Build.0 = Release|x64
		{D27B6F65-78A9-43A2-B112-7336A11044FD}.Debug|Win32.ActiveCfg = Debug|Win32
		{D27B6F65-78A9-43A2-B112-7336A11044FD}.Debug|Win32.Build.0 = Debug|Win32
		{D27B6F65-78A9-43A2-B112-7336A11044FD}.Debug|x64.ActiveCfg = Debug|x64
		{D27B6F65-78A9-43A2-B112-7336A11044FD}.Debug|x64.Build.0 = Debug|x64
		{D27B6F65-78A9-43A2-B112-7336A11044FD}.Release|Win32.ActiveCfg = Release|Win32
		{D27B6F65-78A9-43A2-B112-7336A11044FD}.Release|Win32.Build.0 = Release|Win32
		{D27B6F65-78A9-43A2-B112-7336A11044FD}.Release|x64.ActiveCfg = Release|x64
		{D27B6F65-78A9-43A2-B112-7336A11044FD}.Release|x64.Build.0 = Release|x64
		{0F023332-A936-4DD7-A720-DF9DE103CF7F}.Debug|Win32.ActiveCfg = Debug|Win32
		{0F023332-A936-4DD7-A720-DF9DE103CF7F}.Debug|Win32.Build.0 = Debug|Win32
		{0F023332-A936-4DD7-A720-DF9DE103CF7F}.Debug|x64.ActiveCfg = Debug|x64
		{0F023332-A936-4DD7-A720-DF9DE103CF7F}.Debug|x64.Build.0 = Debug|x64
		{0F023332-A936-4DD7-A720-DF9DE103CF7F}.Release|Win32.ActiveCfg = Release|Win32
		{0F023332-A936-4DD7-A720-DF9DE103CF7F}.Release|Win32.Build.0 = Release|Win32
		{0F023332-A936-4DD7-A720-DF9DE103CF7F}.Release|x64.ActiveCfg = Release|x64
		{0F023332-A936-4DD7-A720-DF9DE103CF7F}.Release|x64.Build.0 = Release|x64
		{0F7E23C0-D505-44AD-9C7B-2BA31B2B1A4C}.Debug|Win32.ActiveCfg = Debug|Win32
		{0F7E23C0-D505-44AD-9C7B-2BA31B2B1A4C}.Debug|Win32.Build.0 = Debug|Win32
		{0F7E23C0-D505-44AD-9C7B-2BA31B2B1A4C}.Debug|x64.ActiveCfg = Debug|x64
		{0F7E23C0-D505-44AD-9C7B-2BA31B2B1A4C}.Debug|x64.Build.0 = Debug|x64
		{0F7E23C0-D505-44AD-9C7B-2BA31B2B1A4C}.Release|Win32.ActiveCfg = Release|Win32
		{0F7E23C0-D505-44AD-9C7B-2BA31B2B1A4C}.Release|Win32.Build.0 = Release|Win32
		{0F7E23C0-D505-44AD-9C7B-2BA31B2B1A4C}.Release|x64.ActiveCfg = Release|x64
		{0F7E23C0-D505-44AD-9C7B-2BA31B2B1A4C}.Release|x64.Build.0 = Release|x64
		{812B33E4-7661-4566-B7D3-9FFB9E93F02B}.Debug|Win32.ActiveCfg = Debug|Win32
		{812B33E4-7661-4566-B7D3-9FFB9E93F02B}.Debug|Win32.Build.0 = Debug|Win32
		{812B33E4-7661-4566-B7D3-9FFB9E93F02B}.Debug|x64.ActiveCfg = Debug|x64
		{812B33E4-7661-4566-B7D3-9FFB9E93F02B}.Debug|x64.Build.0 = Debug|x64
		{812B33E4-7661-4566-B7D3-9FFB9E93F02B}.Release|Win32.ActiveCfg = Release|Win32
		{812B33E4-7661-4566-B7D3-9FFB9E93F02B}.Release|Win32.Build.0 = Release|Win32
		{812B33E4-7661-4566-B7D3-9FFB9E93F02B}.Release|x64.ActiveCfg = Release|x64
		{812B33E4-7661-4566-B7D3-9FFB9E93F02B}.Release|x64.Build.0 = Release|x64
		{1D72B7B0-F3DD-435B-B27E-592AC567C5ED}.Debug|Win32.ActiveCfg = Debug|Win32
		{1D72B7B0-F3DD-435B-B27E-592AC567C5ED}.Debug|Win32.Build.0 = Debug|Win32
		{1D72B7B0-F3DD-435B-B27E-592AC567C5ED}.Debug|x64.ActiveCfg = Debug|x64
		{1D72B7B0-F3DD-435B-B27E-592AC567C5ED}.Debug|x64.Build.0 = Debug|x64
		{1D72B7B0-F3DD-435B-B27E-592AC567C5ED}.Release|Win32.ActiveCfg = Release|Win32
		{1D72B7B0-F3DD-435B-B27E-592AC567C5ED}.Release|Win32.Build.0 = Release|Win32
		{1D72B7B0-F3DD-435B-B27E-592AC567C5ED}.Release|x64.ActiveCfg = Release|x64
		{1D72B7B0-F3DD-435B-B27E-592AC567C5ED}.Release|x64.Build.0 = Release|x64
		{4BEA64C8-52A2-4D18-887E-7C27B8800C09}.Debug|Win32.ActiveCfg = Debug|Win32
		{4BEA64C8-52A2-4D18-887E-7C27B8800C09}.Debug|Win32.Build.0 = Debug|Win32
		{4BEA64C8-52A2-4D18-887E-7C27B8800C09}.Debug|x64.ActiveCfg = Debug|x64
		{4BEA64C8-52A2-4D18-887E-7C27B8800C09}.Debug|x64.Build.0 = Debug|x64
		{4BEA64C8-52A2-4D18-887E-7C27B8800C09}.Release|Win32.ActiveCfg = Release|Win32
		{4BEA64C8-52A2-4D18-887E-7C27B8800C09}.Release|Win32.Build.0 = Release|Win32
		{4BEA64C8-52A2-4D18-887E-7C27B8800C09}.Release|x64.ActiveCfg = Release|x64
		{4BEA64C8-52A2-4D18-887E-7C27B8800C09}.Release|x64.Build.0 = Release|x64
		{0630A426-8133-421B-B128-DB6B3873B7CF}.Debug|Win32.ActiveCfg = Debug|Win32
		{0630A426-8133-421B-B128-DB6B3873B7CF}.Debug|Win32.Build.0 = Debug|Win32
		{0630A426-8133-421B-B128-DB6B3873B7CF}.Debug|x64.ActiveCfg = Debug|x64
		{0630A426-8133-421B-B128-DB6B3873B7CF}.Debug|x64.Build.0 = Debug|x64
		{0630A426-8133-421B-B128-DB6B3873B7CF}.Release|Win32.ActiveCfg = Release|Win32
		{0630A426-8133-421B-B128-DB6B3873B7CF}.Release|Win32.Build.0 = Release|Win32
		{0630A426-8133-421B-B128-DB6B3873B7CF}.Release|x64.ActiveCfg = Release|x64
		{0630A426-8133-421B-B128-DB6B3873B7CF}.Release|x64.Build.0 = Release|x64
		{2CD8AC5D-1AEA-4F48-BB0E-A361D5D27950}.Debug|Win32.ActiveCfg = Debug|Win32
		{2CD8AC5D-1AEA-4F48-BB0E-A361D5D27950}.Debug|Win32.Build.0 = Debug|Win32
		{2CD8AC5D-1AEA-4F48-BB0E-A361D5D27950}.Debug|x64.ActiveCfg = Debug|x64
		{2CD8AC5D-1AEA-4F48-BB0E-A361D5D27950}.Debug|x64.Build.0 = Debug|x64
		{2CD8AC5D-1AEA-4F48-BB0E-A361D5D27950}.Release|Win32.ActiveCfg = Release|Win32
		{2CD8AC5D-1AEA-4F48-BB0E-A361D5D27950}.Release|Win32.Build.0 = Release|Win32
		{2CD8AC5D-1AEA-4F48-BB0E-A361D5D27950}.Release|x64.ActiveCfg = Release|x64
		{2CD8AC5D-1AEA-4F48-BB0E-A361D5D27950}.Release|x64.Build.0 = Release|x64
	EndGlobalSection
	GlobalSection(SolutionProperties) = preSolution
		HideSolutionNode = FALSE
	EndGlobalSection
	GlobalSection(NestedProjects) = preSolution
		{D27B6F65-78A9-43A2-B112-7336A11044FD} = {4C288405-DB87-4130-9B61-4EBB6B06A3D9}
		{0F023332-A936-4DD7-A720-DF9DE103CF7F} = {4C288405-DB87-4130-9B61-4EBB6B06A3D9}
		{0F7E23C0-D505-44AD-9C7B-2BA31B2B1A4C} = {4C288405-DB87-4130-9B61-4EBB6B06A3D9}
		{1D72B7B0-F3DD-435B-B27E-592AC567C5ED} = {C0AA8D63-8FCF-4FAA-9886-F1FABC44934D}
		{812B33E4-7661-4566-B7D3-9FFB9E93F02B} = {C0AA8D63-8FCF-4FAA-9886-F1FABC44934D}
		{4BEA64C8-52A2-4D18-887E-7C27B8800C09} = {935C1A1D-81BA-4DBE-B145-D4E0D16E4D0C}
		{0630A426-8133-421B-B128-DB6B3873B7CF} = {935C1A1D-81BA-4DBE-B145-D4E0D16E4D0C}
		{2CD8AC5D-1AEA-4F48-BB0E-A361D5D27950} = {935C1A1D-81BA-4DBE-B145-D4E0D16E4D0C}
	EndGlobalSection
EndGlobal
